{
  "name": "test",
  "lockfileVersion": 2,
  "requires": true,
  "packages": {
    "": {
      "name": "test",
      "dependencies": {
        "@nexojs/file-system": "file:../../packages/file-system"
      },
      "devDependencies": {
        "@types/node": "^17.0.13"
      }
    },
    "../../packages/file-system": {
      "version": "1.0.0-dev.1",
      "license": "MIT",
      "dependencies": {
        "@rollup/plugin-typescript": "^8.3.0",
        "@typescript-eslint/eslint-plugin": "^5.10.1",
        "@typescript-eslint/parser": "^5.10.1",
        "eslint": "8.2.0",
        "eslint-config-airbnb": "19.0.4",
        "eslint-config-airbnb-typescript": "^16.1.0",
        "eslint-plugin-import": "2.25.3",
        "eslint-plugin-jsx-a11y": "6.5.1",
        "eslint-plugin-react": "7.28.0",
        "eslint-plugin-react-hooks": "4.3.0",
        "fs-extra": "^10.0.0",
        "rollup": "^2.66.1",
        "typescript": "^4.5.5"
      },
      "devDependencies": {
        "@types/fs-extra": "^9.0.13"
      }
    },
    "node_modules/@nexojs/file-system": {
      "resolved": "../../packages/file-system",
      "link": true
    },
    "node_modules/@types/node": {
      "version": "17.0.13",
      "resolved": "https://registry.npmjs.org/@types/node/-/node-17.0.13.tgz",
      "integrity": "sha512-Y86MAxASe25hNzlDbsviXl8jQHb0RDvKt4c40ZJQ1Don0AAL0STLZSs4N+6gLEO55pedy7r2cLwS+ZDxPm/2Bw==",
      "dev": true
    }
  },
  "dependencies": {
    "@nexojs/file-system": {
      "version": "file:../../packages/file-system",
      "requires": {
        "@rollup/plugin-typescript": "^8.3.0",
        "@types/fs-extra": "^9.0.13",
        "@typescript-eslint/eslint-plugin": "^5.10.1",
        "@typescript-eslint/parser": "^5.10.1",
        "eslint": "8.2.0",
        "eslint-config-airbnb": "19.0.4",
        "eslint-config-airbnb-typescript": "^16.1.0",
        "eslint-plugin-import": "2.25.3",
        "eslint-plugin-jsx-a11y": "6.5.1",
        "eslint-plugin-react": "7.28.0",
        "eslint-plugin-react-hooks": "4.3.0",
        "fs-extra": "^10.0.0",
        "rollup": "^2.66.1",
        "typescript": "^4.5.5"
      }
    },
    "@types/node": {
      "version": "17.0.13",
      "resolved": "https://registry.npmjs.org/@types/node/-/node-17.0.13.tgz",
      "integrity": "sha512-Y86MAxASe25hNzlDbsviXl8jQHb0RDvKt4c40ZJQ1Don0AAL0STLZSs4N+6gLEO55pedy7r2cLwS+ZDxPm/2Bw==",
      "dev": true
    }
  }
}
